
Microsoft Visual Studio Solution File, Format Version 12.00
# Visual Studio Version 17
VisualStudioVersion = 17.4.33213.308
MinimumVisualStudioVersion = 10.0.40219.1
Project("{FAE04EC0-301F-11D3-BF4B-00C04F79EFBC}") = "TallerPOO", "TallerPOO\TallerPOO.csproj", "{6B57B112-7610-436F-B456-2CC4C63AA5B4}"
EndProject
Global
	GlobalSection(SolutionConfigurationPlatforms) = preSolution
		Debug|Any CPU = Debug|Any CPU
		Release|Any CPU = Release|Any CPU
	EndGlobalSection
	GlobalSection(ProjectConfigurationPlatforms) = postSolution
		{6B57B112-7610-436F-B456-2CC4C63AA5B4}.Debug|Any CPU.ActiveCfg = Debug|Any CPU
		{6B57B112-7610-436F-B456-2CC4C63AA5B4}.Debug|Any CPU.Build.0 = Debug|Any CPU
		{6B57B112-7610-436F-B456-2CC4C63AA5B4}.Release|Any CPU.ActiveCfg = Release|Any CPU
		{6B57B112-7610-436F-B456-2CC4C63AA5B4}.Release|Any CPU.Build.0 = Release|Any CPU
	EndGlobalSection
	GlobalSection(SolutionProperties) = preSolution
		HideSolutionNode = FALSE
	EndGlobalSection
	GlobalSection(ExtensibilityGlobals) = postSolution
		SolutionGuid = {6A63B281-7BAA-4527-B419-6A325478D43C}
	EndGlobalSection
EndGlobal
